
Microsoft Visual Studio Solution File, Format Version 12.00
# Visual Studio Version 16
VisualStudioVersion = 16.0.30717.126
MinimumVisualStudioVersion = 10.0.40219.1
Project("{9A19103F-16F7-4668-BE54-9A1E7A4F7556}") = "AuditBenchmark", "AuditBenchmark.csproj", "{60366611-46A6-4840-9CF5-AB5ABCA001CF}"
EndProject
Project("{9A19103F-16F7-4668-BE54-9A1E7A4F7556}") = "AuditBenchmarkTest", "..\AuditBenchmarkTest\AuditBenchmarkTest.csproj", "{709B7D0C-FAF3-4E56-BF50-C7F77B4B2270}"
EndProject
Global
	GlobalSection(SolutionConfigurationPlatforms) = preSolution
		Debug|Any CPU = Debug|Any CPU
		Release|Any CPU = Release|Any CPU
	EndGlobalSection
	GlobalSection(ProjectConfigurationPlatforms) = postSolution
		{60366611-46A6-4840-9CF5-AB5ABCA001CF}.Debug|Any CPU.ActiveCfg = Debug|Any CPU
		{60366611-46A6-4840-9CF5-AB5ABCA001CF}.Debug|Any CPU.Build.0 = Debug|Any CPU
		{60366611-46A6-4840-9CF5-AB5ABCA001CF}.Release|Any CPU.ActiveCfg = Release|Any CPU
		{60366611-46A6-4840-9CF5-AB5ABCA001CF}.Release|Any CPU.Build.0 = Release|Any CPU
		{709B7D0C-FAF3-4E56-BF50-C7F77B4B2270}.Debug|Any CPU.ActiveCfg = Debug|Any CPU
		{709B7D0C-FAF3-4E56-BF50-C7F77B4B2270}.Debug|Any CPU.Build.0 = Debug|Any CPU
		{709B7D0C-FAF3-4E56-BF50-C7F77B4B2270}.Release|Any CPU.ActiveCfg = Release|Any CPU
		{709B7D0C-FAF3-4E56-BF50-C7F77B4B2270}.Release|Any CPU.Build.0 = Release|Any CPU
	EndGlobalSection
	GlobalSection(SolutionProperties) = preSolution
		HideSolutionNode = FALSE
	EndGlobalSection
	GlobalSection(ExtensibilityGlobals) = postSolution
		SolutionGuid = {01739570-F436-4B0A-A5A9-FBFF6DD499D2}
	EndGlobalSection
EndGlobal
